
Microsoft Visual Studio Solution File, Format Version 12.00
# Visual Studio Version 16
VisualStudioVersion = 16.0.30503.244
MinimumVisualStudioVersion = 10.0.40219.1
Project("{FAE04EC0-301F-11D3-BF4B-00C04F79EFBC}") = "ProyectoGrupo3NT", "ProyectoGrupo3NT.csproj", "{2950F1C6-74AD-4EF8-88BE-73DF61ED60CA}"
EndProject
Global
	GlobalSection(SolutionConfigurationPlatforms) = preSolution
		Debug|Any CPU = Debug|Any CPU
		Release|Any CPU = Release|Any CPU
	EndGlobalSection
	GlobalSection(ProjectConfigurationPlatforms) = postSolution
		{2950F1C6-74AD-4EF8-88BE-73DF61ED60CA}.Debug|Any CPU.ActiveCfg = Debug|Any CPU
		{2950F1C6-74AD-4EF8-88BE-73DF61ED60CA}.Debug|Any CPU.Build.0 = Debug|Any CPU
		{2950F1C6-74AD-4EF8-88BE-73DF61ED60CA}.Release|Any CPU.ActiveCfg = Release|Any CPU
		{2950F1C6-74AD-4EF8-88BE-73DF61ED60CA}.Release|Any CPU.Build.0 = Release|Any CPU
	EndGlobalSection
	GlobalSection(SolutionProperties) = preSolution
		HideSolutionNode = FALSE
	EndGlobalSection
	GlobalSection(ExtensibilityGlobals) = postSolution
		SolutionGuid = {770349C5-2101-4E8D-B0C4-FB21C7668443}
	EndGlobalSection
EndGlobal
